// !$*UTF8*$!
{
	archiveVersion = 1;
	classes = {
	};
	objectVersion = 46;
	objects = {

/* Begin PBXBuildFile section */
		A6EADF6E19E3B65A00E64DBC /* VDKCodeKitCodaPlugin.m in Sources */ = {isa = PBXBuildFile; fileRef = A6EADF6D19E3B65A00E64DBC /* VDKCodeKitCodaPlugin.m */; };
/* End PBXBuildFile section */

/* Begin PBXFileReference section */
		A6EADF6219E3B5CA00E64DBC /* CodeKitCodaPlugin.codaplugin */ = {isa = PBXFileReference; explicitFileType = wrapper.cfbundle; includeInIndex = 0; path = CodeKitCodaPlugin.codaplugin; sourceTree = BUILT_PRODUCTS_DIR; };
		A6EADF6619E3B5CA00E64DBC /* Info.plist */ = {isa = PBXFileReference; lastKnownFileType = text.plist.xml; path = Info.plist; sourceTree = "<group>"; };
		A6EADF6C19E3B65A00E64DBC /* VDKCodeKitCodaPlugin.h */ = {isa = PBXFileReference; fileEncoding = 4; lastKnownFileType = sourcecode.c.h; path = VDKCodeKitCodaPlugin.h; sourceTree = "<group>"; };
		A6EADF6D19E3B65A00E64DBC /* VDKCodeKitCodaPlugin.m */ = {isa = PBXFileReference; fileEncoding = 4; lastKnownFileType = sourcecode.c.objc; path = VDKCodeKitCodaPlugin.m; sourceTree = "<group>"; };
		A6EADF6F19E3B67300E64DBC /* CodaPlugInsController.h */ = {isa = PBXFileReference; fileEncoding = 4; lastKnownFileType = sourcecode.c.h; path = CodaPlugInsController.h; sourceTree = "<group>"; };
/* End PBXFileReference section */

/* Begin PBXFrameworksBuildPhase section */
		A6EADF5F19E3B5CA00E64DBC /* Frameworks */ = {
			isa = PBXFrameworksBuildPhase;
			buildActionMask = 2147483647;
			files = (
			);
			runOnlyForDeploymentPostprocessing = 0;
		};
/* End PBXFrameworksBuildPhase section */

/* Begin PBXGroup section */
		A6EADF5919E3B5CA00E64DBC = {
			isa = PBXGroup;
			children = (
				A6EADF6419E3B5CA00E64DBC /* CodeKitCodaPlugin */,
				A6EADF6319E3B5CA00E64DBC /* Products */,
			);
			sourceTree = "<group>";
		};
		A6EADF6319E3B5CA00E64DBC /* Products */ = {
			isa = PBXGroup;
			children = (
				A6EADF6219E3B5CA00E64DBC /* CodeKitCodaPlugin.codaplugin */,
			);
			name = Products;
			sourceTree = "<group>";
		};
		A6EADF6419E3B5CA00E64DBC /* CodeKitCodaPlugin */ = {
			isa = PBXGroup;
			children = (
				A6EADF6F19E3B67300E64DBC /* CodaPlugInsController.h */,
				A6EADF6C19E3B65A00E64DBC /* VDKCodeKitCodaPlugin.h */,
				A6EADF6D19E3B65A00E64DBC /* VDKCodeKitCodaPlugin.m */,
				A6EADF6519E3B5CA00E64DBC /* Supporting Files */,
			);
			path = CodeKitCodaPlugin;
			sourceTree = "<group>";
		};
		A6EADF6519E3B5CA00E64DBC /* Supporting Files */ = {
			isa = PBXGroup;
			children = (
				A6EADF6619E3B5CA00E64DBC /* Info.plist */,
			);
			name = "Supporting Files";
			sourceTree = "<group>";
		};
/* End PBXGroup section */

/* Begin PBXNativeTarget section */
		A6EADF6119E3B5CA00E64DBC /* CodeKitCodaPlugin */ = {
			isa = PBXNativeTarget;
			buildConfigurationList = A6EADF6919E3B5CA00E64DBC /* Build configuration list for PBXNativeTarget "CodeKitCodaPlugin" */;
			buildPhases = (
				A6EADF5E19E3B5CA00E64DBC /* Sources */,
				A6EADF5F19E3B5CA00E64DBC /* Frameworks */,
				A6EADF6019E3B5CA00E64DBC /* Resources */,
				A63ED94F19E615610041383F /* Increment Build Number */,
			);
			buildRules = (
			);
			dependencies = (
			);
			name = CodeKitCodaPlugin;
			productName = CodeKitCodaPlugin;
			productReference = A6EADF6219E3B5CA00E64DBC /* CodeKitCodaPlugin.codaplugin */;
			productType = "com.apple.product-type.bundle";
		};
/* End PBXNativeTarget section */

/* Begin PBXProject section */
		A6EADF5A19E3B5CA00E64DBC /* Project object */ = {
			isa = PBXProject;
			attributes = {
				CLASSPREFIX = VDK;
				LastUpgradeCheck = 0800;
				ORGANIZATIONNAME = "Incident 57, Inc.";
				TargetAttributes = {
					A6EADF6119E3B5CA00E64DBC = {
						CreatedOnToolsVersion = 6.1;
					};
				};
			};
			buildConfigurationList = A6EADF5D19E3B5CA00E64DBC /* Build configuration list for PBXProject "CodeKitCodaPlugin" */;
			compatibilityVersion = "Xcode 3.2";
			developmentRegion = English;
			hasScannedForEncodings = 0;
			knownRegions = (
				en,
			);
			mainGroup = A6EADF5919E3B5CA00E64DBC;
			productRefGroup = A6EADF6319E3B5CA00E64DBC /* Products */;
			projectDirPath = "";
			projectRoot = "";
			targets = (
				A6EADF6119E3B5CA00E64DBC /* CodeKitCodaPlugin */,
			);
		};
/* End PBXProject section */

/* Begin PBXResourcesBuildPhase section */
		A6EADF6019E3B5CA00E64DBC /* Resources */ = {
			isa = PBXResourcesBuildPhase;
			buildActionMask = 2147483647;
			files = (
			);
			runOnlyForDeploymentPostprocessing = 0;
		};
/* End PBXResourcesBuildPhase section */

/* Begin PBXShellScriptBuildPhase section */
		A63ED94F19E615610041383F /* Increment Build Number */ = {
			isa = PBXShellScriptBuildPhase;
			buildActionMask = 2147483647;
			files = (
			);
			inputPaths = (
			);
			name = "Increment Build Number";
			outputPaths = (
			);
			runOnlyForDeploymentPostprocessing = 0;
			shellPath = /bin/sh;
			shellScript = "PLIST_FILE=\"\"\nif [ -f \"$INFOPLIST_FILE\" ]; then\nPLIST_FILE=\"$INFOPLIST_FILE\"\nelse\nif [ -f \"$SRCROOT/$INFOPLIST_FILE\" ]; then\nPLIST_FILE=\"$SRCROOT/$INFOPLIST_FILE\"\nelse\nexit 0\nfi\nfi\nBN=$(/usr/libexec/PlistBuddy -c \"Print CFBundleVersion\" $PLIST_FILE)\nBN=$(($BN + 1))\n/usr/libexec/PlistBuddy -c \"Set :CFBundleVersion $BN\" $PLIST_FILE";
		};
/* End PBXShellScriptBuildPhase section */

/* Begin PBXSourcesBuildPhase section */
		A6EADF5E19E3B5CA00E64DBC /* Sources */ = {
			isa = PBXSourcesBuildPhase;
			buildActionMask = 2147483647;
			files = (
				A6EADF6E19E3B65A00E64DBC /* VDKCodeKitCodaPlugin.m in Sources */,
			);
			runOnlyForDeploymentPostprocessing = 0;
		};
/* End PBXSourcesBuildPhase section */

/* Begin XCBuildConfiguration section */
		A6EADF6719E3B5CA00E64DBC /* Debug */ = {
			isa = XCBuildConfiguration;
			buildSettings = {
				ALWAYS_SEARCH_USER_PATHS = NO;
				CLANG_CXX_LANGUAGE_STANDARD = "gnu++0x";
				CLANG_CXX_LIBRARY = "libc++";
				CLANG_ENABLE_MODULES = YES;
				CLANG_ENABLE_OBJC_ARC = YES;
				CLANG_WARN_BOOL_CONVERSION = YES;
				CLANG_WARN_CONSTANT_CONVERSION = YES;
				CLANG_WARN_DIRECT_OBJC_ISA_USAGE = YES_ERROR;
				CLANG_WARN_EMPTY_BODY = YES;
				CLANG_WARN_ENUM_CONVERSION = YES;
				CLANG_WARN_INFINITE_RECURSION = YES;
				CLANG_WARN_INT_CONVERSION = YES;
				CLANG_WARN_OBJC_ROOT_CLASS = YES_ERROR;
				CLANG_WARN_SUSPICIOUS_MOVE = YES;
				CLANG_WARN_UNREACHABLE_CODE = YES;
				CLANG_WARN__DUPLICATE_METHOD_MATCH = YES;
				CODE_SIGN_IDENTITY = "Developer ID Application: Bryan Jones";
				COPY_PHASE_STRIP = NO;
				ENABLE_STRICT_OBJC_MSGSEND = YES;
				ENABLE_TESTABILITY = YES;
				GCC_C_LANGUAGE_STANDARD = gnu99;
				GCC_DYNAMIC_NO_PIC = NO;
				GCC_NO_COMMON_BLOCKS = YES;
				GCC_OPTIMIZATION_LEVEL = 0;
				GCC_PREPROCESSOR_DEFINITIONS = (
					"DEBUG=1",
					"$(inherited)",
				);
				GCC_SYMBOLS_PRIVATE_EXTERN = NO;
				GCC_WARN_64_TO_32_BIT_CONVERSION = YES;
				GCC_WARN_ABOUT_RETURN_TYPE = YES_ERROR;
				GCC_WARN_UNDECLARED_SELECTOR = YES;
				GCC_WARN_UNINITIALIZED_AUTOS = YES_AGGRESSIVE;
				GCC_WARN_UNUSED_FUNCTION = YES;
				GCC_WARN_UNUSED_VARIABLE = YES;
				MACOSX_DEPLOYMENT_TARGET = 10.11;
				MTL_ENABLE_DEBUG_INFO = YES;
				ONLY_ACTIVE_ARCH = YES;
				SDKROOT = macosx;
			};
			name = Debug;
		};
		A6EADF6819E3B5CA00E64DBC /* Release */ = {
			isa = XCBuildConfiguration;
			buildSettings = {
				ALWAYS_SEARCH_USER_PATHS = NO;
				CLANG_CXX_LANGUAGE_STANDARD = "gnu++0x";
				CLANG_CXX_LIBRARY = "libc++";
				CLANG_ENABLE_MODULES = YES;
				CLANG_ENABLE_OBJC_ARC = YES;
				CLANG_WARN_BOOL_CONVERSION = YES;
				CLANG_WARN_CONSTANT_CONVERSION = YES;
				CLANG_WARN_DIRECT_OBJC_ISA_USAGE = YES_ERROR;
				CLANG_WARN_EMPTY_BODY = YES;
				CLANG_WARN_ENUM_CONVERSION = YES;
				CLANG_WARN_INFINITE_RECURSION = YES;
				CLANG_WARN_INT_CONVERSION = YES;
				CLANG_WARN_OBJC_ROOT_CLASS = YES_ERROR;
				CLANG_WARN_SUSPICIOUS_MOVE = YES;
				CLANG_WARN_UNREACHABLE_CODE = YES;
				CLANG_WARN__DUPLICATE_METHOD_MATCH = YES;
				CODE_SIGN_IDENTITY = "Developer ID Application: Bryan Jones";
				COPY_PHASE_STRIP = YES;
				DEBUG_INFORMATION_FORMAT = "dwarf-with-dsym";
				ENABLE_NS_ASSERTIONS = NO;
				ENABLE_STRICT_OBJC_MSGSEND = YES;
				GCC_C_LANGUAGE_STANDARD = gnu99;
				GCC_NO_COMMON_BLOCKS = YES;
				GCC_WARN_64_TO_32_BIT_CONVERSION = YES;
				GCC_WARN_ABOUT_RETURN_TYPE = YES_ERROR;
				GCC_WARN_UNDECLARED_SELECTOR = YES;
				GCC_WARN_UNINITIALIZED_AUTOS = YES_AGGRESSIVE;
				GCC_WARN_UNUSED_FUNCTION = YES;
				GCC_WARN_UNUSED_VARIABLE = YES;
				MACOSX_DEPLOYMENT_TARGET = 10.11;
				MTL_ENABLE_DEBUG_INFO = NO;
				SDKROOT = macosx;
			};
			name = Release;
		};
		A6EADF6A19E3B5CA00E64DBC /* Debug */ = {
			isa = XCBuildConfiguration;
			buildSettings = {
				COMBINE_HIDPI_IMAGES = YES;
				INFOPLIST_FILE = CodeKitCodaPlugin/Info.plist;
				INSTALL_PATH = "$(LOCAL_LIBRARY_DIR)/Bundles";
				PRODUCT_BUNDLE_IDENTIFIER = "com.incident57.$(PRODUCT_NAME:rfc1034identifier)";
				PRODUCT_NAME = "$(TARGET_NAME)";
				SKIP_INSTALL = YES;
				WRAPPER_EXTENSION = codaplugin;
			};
			name = Debug;
		};
		A6EADF6B19E3B5CA00E64DBC /* Release */ = {
			isa = XCBuildConfiguration;
			buildSettings = {
				COMBINE_HIDPI_IMAGES = YES;
				INFOPLIST_FILE = CodeKitCodaPlugin/Info.plist;
				INSTALL_PATH = "$(LOCAL_LIBRARY_DIR)/Bundles";
				PRODUCT_BUNDLE_IDENTIFIER = "com.incident57.$(PRODUCT_NAME:rfc1034identifier)";
				PRODUCT_NAME = "$(TARGET_NAME)";
				SKIP_INSTALL = YES;
				WRAPPER_EXTENSION = codaplugin;
			};
			name = Release;
		};
/* End XCBuildConfiguration section */

/* Begin XCConfigurationList section */
		A6EADF5D19E3B5CA00E64DBC /* Build configuration list for PBXProject "CodeKitCodaPlugin" */ = {
			isa = XCConfigurationList;
			buildConfigurations = (
				A6EADF6719E3B5CA00E64DBC /* Debug */,
				A6EADF6819E3B5CA00E64DBC /* Release */,
			);
			defaultConfigurationIsVisible = 0;
			defaultConfigurationName = Release;
		};
		A6EADF6919E3B5CA00E64DBC /* Build configuration list for PBXNativeTarget "CodeKitCodaPlugin" */ = {
			isa = XCConfigurationList;
			buildConfigurations = (
				A6EADF6A19E3B5CA00E64DBC /* Debug */,
				A6EADF6B19E3B5CA00E64DBC /* Release */,
			);
			defaultConfigurationIsVisible = 0;
			defaultConfigurationName = Release;
		};
/* End XCConfigurationList section */
	};
	rootObject = A6EADF5A19E3B5CA00E64DBC /* Project object */;
}
